// !$*UTF8*$!
{
	archiveVersion = 1;
	classes = {
	};
	objectVersion = 55;
	objects = {

/* Begin PBXBuildFile section */
		F61795C227D51B4500D0B910 /* NumberAppVanillaApp.swift in Sources */ = {isa = PBXBuildFile; fileRef = F61795C127D51B4500D0B910 /* NumberAppVanillaApp.swift */; };
		F61795C427D51B4500D0B910 /* ContentView.swift in Sources */ = {isa = PBXBuildFile; fileRef = F61795C327D51B4500D0B910 /* ContentView.swift */; };
		F61795C627D51B4700D0B910 /* Assets.xcassets in Resources */ = {isa = PBXBuildFile; fileRef = F61795C527D51B4700D0B910 /* Assets.xcassets */; };
		F61795C927D51B4700D0B910 /* Preview Assets.xcassets in Resources */ = {isa = PBXBuildFile; fileRef = F61795C827D51B4700D0B910 /* Preview Assets.xcassets */; };
		F61795D327D51B4800D0B910 /* NumberAppVanillaTests.swift in Sources */ = {isa = PBXBuildFile; fileRef = F61795D227D51B4800D0B910 /* NumberAppVanillaTests.swift */; };
		F61795DD27D51B4800D0B910 /* NumberAppVanillaUITests.swift in Sources */ = {isa = PBXBuildFile; fileRef = F61795DC27D51B4800D0B910 /* NumberAppVanillaUITests.swift */; };
		F61795DF27D51B4800D0B910 /* NumberAppVanillaUITestsLaunchTests.swift in Sources */ = {isa = PBXBuildFile; fileRef = F61795DE27D51B4800D0B910 /* NumberAppVanillaUITestsLaunchTests.swift */; };
		F61795EC27D5214100D0B910 /* NumbersAPI.swift in Sources */ = {isa = PBXBuildFile; fileRef = F61795EB27D5214100D0B910 /* NumbersAPI.swift */; };
		F61795EE27D524DC00D0B910 /* ContentViewModel.swift in Sources */ = {isa = PBXBuildFile; fileRef = F61795ED27D524DC00D0B910 /* ContentViewModel.swift */; };
		F61795F127D5300300D0B910 /* GoogleService-Info.plist in Resources */ = {isa = PBXBuildFile; fileRef = F61795F027D5300300D0B910 /* GoogleService-Info.plist */; };
		F61795F427D5314000D0B910 /* FirebaseAnalyticsWithoutAdIdSupport in Frameworks */ = {isa = PBXBuildFile; productRef = F61795F327D5314000D0B910 /* FirebaseAnalyticsWithoutAdIdSupport */; };
		F61795F627D5314F00D0B910 /* AnalyticsProvider.swift in Sources */ = {isa = PBXBuildFile; fileRef = F61795F527D5314F00D0B910 /* AnalyticsProvider.swift */; };
/* End PBXBuildFile section */

/* Begin PBXContainerItemProxy section */
		F61795CF27D51B4800D0B910 /* PBXContainerItemProxy */ = {
			isa = PBXContainerItemProxy;
			containerPortal = F61795B627D51B4500D0B910 /* Project object */;
			proxyType = 1;
			remoteGlobalIDString = F61795BD27D51B4500D0B910;
			remoteInfo = NumberAppVanilla;
		};
		F61795D927D51B4800D0B910 /* PBXContainerItemProxy */ = {
			isa = PBXContainerItemProxy;
			containerPortal = F61795B627D51B4500D0B910 /* Project object */;
			proxyType = 1;
			remoteGlobalIDString = F61795BD27D51B4500D0B910;
			remoteInfo = NumberAppVanilla;
		};
/* End PBXContainerItemProxy section */

/* Begin PBXFileReference section */
		F61795BE27D51B4500D0B910 /* NumberAppVanilla.app */ = {isa = PBXFileReference; explicitFileType = wrapper.application; includeInIndex = 0; path = NumberAppVanilla.app; sourceTree = BUILT_PRODUCTS_DIR; };
		F61795C127D51B4500D0B910 /* NumberAppVanillaApp.swift */ = {isa = PBXFileReference; lastKnownFileType = sourcecode.swift; path = NumberAppVanillaApp.swift; sourceTree = "<group>"; };
		F61795C327D51B4500D0B910 /* ContentView.swift */ = {isa = PBXFileReference; lastKnownFileType = sourcecode.swift; path = ContentView.swift; sourceTree = "<group>"; };
		F61795C527D51B4700D0B910 /* Assets.xcassets */ = {isa = PBXFileReference; lastKnownFileType = folder.assetcatalog; path = Assets.xcassets; sourceTree = "<group>"; };
		F61795C827D51B4700D0B910 /* Preview Assets.xcassets */ = {isa = PBXFileReference; lastKnownFileType = folder.assetcatalog; path = "Preview Assets.xcassets"; sourceTree = "<group>"; };
		F61795CE27D51B4800D0B910 /* NumberAppVanillaTests.xctest */ = {isa = PBXFileReference; explicitFileType = wrapper.cfbundle; includeInIndex = 0; path = NumberAppVanillaTests.xctest; sourceTree = BUILT_PRODUCTS_DIR; };
		F61795D227D51B4800D0B910 /* NumberAppVanillaTests.swift */ = {isa = PBXFileReference; lastKnownFileType = sourcecode.swift; path = NumberAppVanillaTests.swift; sourceTree = "<group>"; };
		F61795D827D51B4800D0B910 /* NumberAppVanillaUITests.xctest */ = {isa = PBXFileReference; explicitFileType = wrapper.cfbundle; includeInIndex = 0; path = NumberAppVanillaUITests.xctest; sourceTree = BUILT_PRODUCTS_DIR; };
		F61795DC27D51B4800D0B910 /* NumberAppVanillaUITests.swift */ = {isa = PBXFileReference; lastKnownFileType = sourcecode.swift; path = NumberAppVanillaUITests.swift; sourceTree = "<group>"; };
		F61795DE27D51B4800D0B910 /* NumberAppVanillaUITestsLaunchTests.swift */ = {isa = PBXFileReference; lastKnownFileType = sourcecode.swift; path = NumberAppVanillaUITestsLaunchTests.swift; sourceTree = "<group>"; };
		F61795EB27D5214100D0B910 /* NumbersAPI.swift */ = {isa = PBXFileReference; lastKnownFileType = sourcecode.swift; path = NumbersAPI.swift; sourceTree = "<group>"; };
		F61795ED27D524DC00D0B910 /* ContentViewModel.swift */ = {isa = PBXFileReference; lastKnownFileType = sourcecode.swift; path = ContentViewModel.swift; sourceTree = "<group>"; };
		F61795EF27D5254E00D0B910 /* Info.plist */ = {isa = PBXFileReference; lastKnownFileType = text.plist; path = Info.plist; sourceTree = "<group>"; };
		F61795F027D5300300D0B910 /* GoogleService-Info.plist */ = {isa = PBXFileReference; fileEncoding = 4; lastKnownFileType = text.plist.xml; path = "GoogleService-Info.plist"; sourceTree = "<group>"; };
		F61795F527D5314F00D0B910 /* AnalyticsProvider.swift */ = {isa = PBXFileReference; lastKnownFileType = sourcecode.swift; path = AnalyticsProvider.swift; sourceTree = "<group>"; };
/* End PBXFileReference section */

/* Begin PBXFrameworksBuildPhase section */
		F61795BB27D51B4500D0B910 /* Frameworks */ = {
			isa = PBXFrameworksBuildPhase;
			buildActionMask = 2147483647;
			files = (
				F61795F427D5314000D0B910 /* FirebaseAnalyticsWithoutAdIdSupport in Frameworks */,
			);
			runOnlyForDeploymentPostprocessing = 0;
		};
		F61795CB27D51B4800D0B910 /* Frameworks */ = {
			isa = PBXFrameworksBuildPhase;
			buildActionMask = 2147483647;
			files = (
			);
			runOnlyForDeploymentPostprocessing = 0;
		};
		F61795D527D51B4800D0B910 /* Frameworks */ = {
			isa = PBXFrameworksBuildPhase;
			buildActionMask = 2147483647;
			files = (
			);
			runOnlyForDeploymentPostprocessing = 0;
		};
/* End PBXFrameworksBuildPhase section */

/* Begin PBXGroup section */
		F61795B527D51B4500D0B910 = {
			isa = PBXGroup;
			children = (
				F61795C027D51B4500D0B910 /* NumberAppVanilla */,
				F61795D127D51B4800D0B910 /* NumberAppVanillaTests */,
				F61795DB27D51B4800D0B910 /* NumberAppVanillaUITests */,
				F61795BF27D51B4500D0B910 /* Products */,
			);
			sourceTree = "<group>";
		};
		F61795BF27D51B4500D0B910 /* Products */ = {
			isa = PBXGroup;
			children = (
				F61795BE27D51B4500D0B910 /* NumberAppVanilla.app */,
				F61795CE27D51B4800D0B910 /* NumberAppVanillaTests.xctest */,
				F61795D827D51B4800D0B910 /* NumberAppVanillaUITests.xctest */,
			);
			name = Products;
			sourceTree = "<group>";
		};
		F61795C027D51B4500D0B910 /* NumberAppVanilla */ = {
			isa = PBXGroup;
			children = (
				F61795F027D5300300D0B910 /* GoogleService-Info.plist */,
				F61795EF27D5254E00D0B910 /* Info.plist */,
				F61795C127D51B4500D0B910 /* NumberAppVanillaApp.swift */,
				F61795C327D51B4500D0B910 /* ContentView.swift */,
				F61795C527D51B4700D0B910 /* Assets.xcassets */,
				F61795C727D51B4700D0B910 /* Preview Content */,
				F61795EB27D5214100D0B910 /* NumbersAPI.swift */,
				F61795ED27D524DC00D0B910 /* ContentViewModel.swift */,
				F61795F527D5314F00D0B910 /* AnalyticsProvider.swift */,
			);
			path = NumberAppVanilla;
			sourceTree = "<group>";
		};
		F61795C727D51B4700D0B910 /* Preview Content */ = {
			isa = PBXGroup;
			children = (
				F61795C827D51B4700D0B910 /* Preview Assets.xcassets */,
			);
			path = "Preview Content";
			sourceTree = "<group>";
		};
		F61795D127D51B4800D0B910 /* NumberAppVanillaTests */ = {
			isa = PBXGroup;
			children = (
				F61795D227D51B4800D0B910 /* NumberAppVanillaTests.swift */,
			);
			path = NumberAppVanillaTests;
			sourceTree = "<group>";
		};
		F61795DB27D51B4800D0B910 /* NumberAppVanillaUITests */ = {
			isa = PBXGroup;
			children = (
				F61795DC27D51B4800D0B910 /* NumberAppVanillaUITests.swift */,
				F61795DE27D51B4800D0B910 /* NumberAppVanillaUITestsLaunchTests.swift */,
			);
			path = NumberAppVanillaUITests;
			sourceTree = "<group>";
		};
/* End PBXGroup section */

/* Begin PBXNativeTarget section */
		F61795BD27D51B4500D0B910 /* NumberAppVanilla */ = {
			isa = PBXNativeTarget;
			buildConfigurationList = F61795E227D51B4800D0B910 /* Build configuration list for PBXNativeTarget "NumberAppVanilla" */;
			buildPhases = (
				F61795BA27D51B4500D0B910 /* Sources */,
				F61795BB27D51B4500D0B910 /* Frameworks */,
				F61795BC27D51B4500D0B910 /* Resources */,
			);
			buildRules = (
			);
			dependencies = (
			);
			name = NumberAppVanilla;
			packageProductDependencies = (
				F61795F327D5314000D0B910 /* FirebaseAnalyticsWithoutAdIdSupport */,
			);
			productName = NumberAppVanilla;
			productReference = F61795BE27D51B4500D0B910 /* NumberAppVanilla.app */;
			productType = "com.apple.product-type.application";
		};
		F61795CD27D51B4800D0B910 /* NumberAppVanillaTests */ = {
			isa = PBXNativeTarget;
			buildConfigurationList = F61795E527D51B4800D0B910 /* Build configuration list for PBXNativeTarget "NumberAppVanillaTests" */;
			buildPhases = (
				F61795CA27D51B4800D0B910 /* Sources */,
				F61795CB27D51B4800D0B910 /* Frameworks */,
				F61795CC27D51B4800D0B910 /* Resources */,
			);
			buildRules = (
			);
			dependencies = (
				F61795D027D51B4800D0B910 /* PBXTargetDependency */,
			);
			name = NumberAppVanillaTests;
			productName = NumberAppVanillaTests;
			productReference = F61795CE27D51B4800D0B910 /* NumberAppVanillaTests.xctest */;
			productType = "com.apple.product-type.bundle.unit-test";
		};
		F61795D727D51B4800D0B910 /* NumberAppVanillaUITests */ = {
			isa = PBXNativeTarget;
			buildConfigurationList = F61795E827D51B4800D0B910 /* Build configuration list for PBXNativeTarget "NumberAppVanillaUITests" */;
			buildPhases = (
				F61795D427D51B4800D0B910 /* Sources */,
				F61795D527D51B4800D0B910 /* Frameworks */,
				F61795D627D51B4800D0B910 /* Resources */,
			);
			buildRules = (
			);
			dependencies = (
				F61795DA27D51B4800D0B910 /* PBXTargetDependency */,
			);
			name = NumberAppVanillaUITests;
			productName = NumberAppVanillaUITests;
			productReference = F61795D827D51B4800D0B910 /* NumberAppVanillaUITests.xctest */;
			productType = "com.apple.product-type.bundle.ui-testing";
		};
/* End PBXNativeTarget section */

/* Begin PBXProject section */
		F61795B627D51B4500D0B910 /* Project object */ = {
			isa = PBXProject;
			attributes = {
				BuildIndependentTargetsInParallel = 1;
				LastSwiftUpdateCheck = 1320;
				LastUpgradeCheck = 1320;
				TargetAttributes = {
					F61795BD27D51B4500D0B910 = {
						CreatedOnToolsVersion = 13.2.1;
					};
					F61795CD27D51B4800D0B910 = {
						CreatedOnToolsVersion = 13.2.1;
						TestTargetID = F61795BD27D51B4500D0B910;
					};
					F61795D727D51B4800D0B910 = {
						CreatedOnToolsVersion = 13.2.1;
						TestTargetID = F61795BD27D51B4500D0B910;
					};
				};
			};
			buildConfigurationList = F61795B927D51B4500D0B910 /* Build configuration list for PBXProject "NumberAppVanilla" */;
			compatibilityVersion = "Xcode 13.0";
			developmentRegion = en;
			hasScannedForEncodings = 0;
			knownRegions = (
				en,
				Base,
			);
			mainGroup = F61795B527D51B4500D0B910;
			packageReferences = (
				F61795F227D5314000D0B910 /* XCRemoteSwiftPackageReference "firebase-ios-sdk" */,
			);
			productRefGroup = F61795BF27D51B4500D0B910 /* Products */;
			projectDirPath = "";
			projectRoot = "";
			targets = (
				F61795BD27D51B4500D0B910 /* NumberAppVanilla */,
				F61795CD27D51B4800D0B910 /* NumberAppVanillaTests */,
				F61795D727D51B4800D0B910 /* NumberAppVanillaUITests */,
			);
		};
/* End PBXProject section */

/* Begin PBXResourcesBuildPhase section */
		F61795BC27D51B4500D0B910 /* Resources */ = {
			isa = PBXResourcesBuildPhase;
			buildActionMask = 2147483647;
			files = (
				F61795C927D51B4700D0B910 /* Preview Assets.xcassets in Resources */,
				F61795C627D51B4700D0B910 /* Assets.xcassets in Resources */,
				F61795F127D5300300D0B910 /* GoogleService-Info.plist in Resources */,
			);
			runOnlyForDeploymentPostprocessing = 0;
		};
		F61795CC27D51B4800D0B910 /* Resources */ = {
			isa = PBXResourcesBuildPhase;
			buildActionMask = 2147483647;
			files = (
			);
			runOnlyForDeploymentPostprocessing = 0;
		};
		F61795D627D51B4800D0B910 /* Resources */ = {
			isa = PBXResourcesBuildPhase;
			buildActionMask = 2147483647;
			files = (
			);
			runOnlyForDeploymentPostprocessing = 0;
		};
/* End PBXResourcesBuildPhase section */

/* Begin PBXSourcesBuildPhase section */
		F61795BA27D51B4500D0B910 /* Sources */ = {
			isa = PBXSourcesBuildPhase;
			buildActionMask = 2147483647;
			files = (
				F61795EE27D524DC00D0B910 /* ContentViewModel.swift in Sources */,
				F61795EC27D5214100D0B910 /* NumbersAPI.swift in Sources */,
				F61795C427D51B4500D0B910 /* ContentView.swift in Sources */,
				F61795C227D51B4500D0B910 /* NumberAppVanillaApp.swift in Sources */,
				F61795F627D5314F00D0B910 /* AnalyticsProvider.swift in Sources */,
			);
			runOnlyForDeploymentPostprocessing = 0;
		};
		F61795CA27D51B4800D0B910 /* Sources */ = {
			isa = PBXSourcesBuildPhase;
			buildActionMask = 2147483647;
			files = (
				F61795D327D51B4800D0B910 /* NumberAppVanillaTests.swift in Sources */,
			);
			runOnlyForDeploymentPostprocessing = 0;
		};
		F61795D427D51B4800D0B910 /* Sources */ = {
			isa = PBXSourcesBuildPhase;
			buildActionMask = 2147483647;
			files = (
				F61795DD27D51B4800D0B910 /* NumberAppVanillaUITests.swift in Sources */,
				F61795DF27D51B4800D0B910 /* NumberAppVanillaUITestsLaunchTests.swift in Sources */,
			);
			runOnlyForDeploymentPostprocessing = 0;
		};
/* End PBXSourcesBuildPhase section */

/* Begin PBXTargetDependency section */
		F61795D027D51B4800D0B910 /* PBXTargetDependency */ = {
			isa = PBXTargetDependency;
			target = F61795BD27D51B4500D0B910 /* NumberAppVanilla */;
			targetProxy = F61795CF27D51B4800D0B910 /* PBXContainerItemProxy */;
		};
		F61795DA27D51B4800D0B910 /* PBXTargetDependency */ = {
			isa = PBXTargetDependency;
			target = F61795BD27D51B4500D0B910 /* NumberAppVanilla */;
			targetProxy = F61795D927D51B4800D0B910 /* PBXContainerItemProxy */;
		};
/* End PBXTargetDependency section */

/* Begin XCBuildConfiguration section */
		F61795E027D51B4800D0B910 /* Debug */ = {
			isa = XCBuildConfiguration;
			buildSettings = {
				ALWAYS_SEARCH_USER_PATHS = NO;
				CLANG_ANALYZER_NONNULL = YES;
				CLANG_ANALYZER_NUMBER_OBJECT_CONVERSION = YES_AGGRESSIVE;
				CLANG_CXX_LANGUAGE_STANDARD = "gnu++17";
				CLANG_CXX_LIBRARY = "libc++";
				CLANG_ENABLE_MODULES = YES;
				CLANG_ENABLE_OBJC_ARC = YES;
				CLANG_ENABLE_OBJC_WEAK = YES;
				CLANG_WARN_BLOCK_CAPTURE_AUTORELEASING = YES;
				CLANG_WARN_BOOL_CONVERSION = YES;
				CLANG_WARN_COMMA = YES;
				CLANG_WARN_CONSTANT_CONVERSION = YES;
				CLANG_WARN_DEPRECATED_OBJC_IMPLEMENTATIONS = YES;
				CLANG_WARN_DIRECT_OBJC_ISA_USAGE = YES_ERROR;
				CLANG_WARN_DOCUMENTATION_COMMENTS = YES;
				CLANG_WARN_EMPTY_BODY = YES;
				CLANG_WARN_ENUM_CONVERSION = YES;
				CLANG_WARN_INFINITE_RECURSION = YES;
				CLANG_WARN_INT_CONVERSION = YES;
				CLANG_WARN_NON_LITERAL_NULL_CONVERSION = YES;
				CLANG_WARN_OBJC_IMPLICIT_RETAIN_SELF = YES;
				CLANG_WARN_OBJC_LITERAL_CONVERSION = YES;
				CLANG_WARN_OBJC_ROOT_CLASS = YES_ERROR;
				CLANG_WARN_QUOTED_INCLUDE_IN_FRAMEWORK_HEADER = YES;
				CLANG_WARN_RANGE_LOOP_ANALYSIS = YES;
				CLANG_WARN_STRICT_PROTOTYPES = YES;
				CLANG_WARN_SUSPICIOUS_MOVE = YES;
				CLANG_WARN_UNGUARDED_AVAILABILITY = YES_AGGRESSIVE;
				CLANG_WARN_UNREACHABLE_CODE = YES;
				CLANG_WARN__DUPLICATE_METHOD_MATCH = YES;
				COPY_PHASE_STRIP = NO;
				DEBUG_INFORMATION_FORMAT = dwarf;
				ENABLE_STRICT_OBJC_MSGSEND = YES;
				ENABLE_TESTABILITY = YES;
				GCC_C_LANGUAGE_STANDARD = gnu11;
				GCC_DYNAMIC_NO_PIC = NO;
				GCC_NO_COMMON_BLOCKS = YES;
				GCC_OPTIMIZATION_LEVEL = 0;
				GCC_PREPROCESSOR_DEFINITIONS = (
					"DEBUG=1",
					"$(inherited)",
				);
				GCC_WARN_64_TO_32_BIT_CONVERSION = YES;
				GCC_WARN_ABOUT_RETURN_TYPE = YES_ERROR;
				GCC_WARN_UNDECLARED_SELECTOR = YES;
				GCC_WARN_UNINITIALIZED_AUTOS = YES_AGGRESSIVE;
				GCC_WARN_UNUSED_FUNCTION = YES;
				GCC_WARN_UNUSED_VARIABLE = YES;
				IPHONEOS_DEPLOYMENT_TARGET = 15.2;
				MTL_ENABLE_DEBUG_INFO = INCLUDE_SOURCE;
				MTL_FAST_MATH = YES;
				ONLY_ACTIVE_ARCH = YES;
				SDKROOT = iphoneos;
				SWIFT_ACTIVE_COMPILATION_CONDITIONS = DEBUG;
				SWIFT_OPTIMIZATION_LEVEL = "-Onone";
			};
			name = Debug;
		};
		F61795E127D51B4800D0B910 /* Release */ = {
			isa = XCBuildConfiguration;
			buildSettings = {
				ALWAYS_SEARCH_USER_PATHS = NO;
				CLANG_ANALYZER_NONNULL = YES;
				CLANG_ANALYZER_NUMBER_OBJECT_CONVERSION = YES_AGGRESSIVE;
				CLANG_CXX_LANGUAGE_STANDARD = "gnu++17";
				CLANG_CXX_LIBRARY = "libc++";
				CLANG_ENABLE_MODULES = YES;
				CLANG_ENABLE_OBJC_ARC = YES;
				CLANG_ENABLE_OBJC_WEAK = YES;
				CLANG_WARN_BLOCK_CAPTURE_AUTORELEASING = YES;
				CLANG_WARN_BOOL_CONVERSION = YES;
				CLANG_WARN_COMMA = YES;
				CLANG_WARN_CONSTANT_CONVERSION = YES;
				CLANG_WARN_DEPRECATED_OBJC_IMPLEMENTATIONS = YES;
				CLANG_WARN_DIRECT_OBJC_ISA_USAGE = YES_ERROR;
				CLANG_WARN_DOCUMENTATION_COMMENTS = YES;
				CLANG_WARN_EMPTY_BODY = YES;
				CLANG_WARN_ENUM_CONVERSION = YES;
				CLANG_WARN_INFINITE_RECURSION = YES;
				CLANG_WARN_INT_CONVERSION = YES;
				CLANG_WARN_NON_LITERAL_NULL_CONVERSION = YES;
				CLANG_WARN_OBJC_IMPLICIT_RETAIN_SELF = YES;
				CLANG_WARN_OBJC_LITERAL_CONVERSION = YES;
				CLANG_WARN_OBJC_ROOT_CLASS = YES_ERROR;
				CLANG_WARN_QUOTED_INCLUDE_IN_FRAMEWORK_HEADER = YES;
				CLANG_WARN_RANGE_LOOP_ANALYSIS = YES;
				CLANG_WARN_STRICT_PROTOTYPES = YES;
				CLANG_WARN_SUSPICIOUS_MOVE = YES;
				CLANG_WARN_UNGUARDED_AVAILABILITY = YES_AGGRESSIVE;
				CLANG_WARN_UNREACHABLE_CODE = YES;
				CLANG_WARN__DUPLICATE_METHOD_MATCH = YES;
				COPY_PHASE_STRIP = NO;
				DEBUG_INFORMATION_FORMAT = "dwarf-with-dsym";
				ENABLE_NS_ASSERTIONS = NO;
				ENABLE_STRICT_OBJC_MSGSEND = YES;
				GCC_C_LANGUAGE_STANDARD = gnu11;
				GCC_NO_COMMON_BLOCKS = YES;
				GCC_WARN_64_TO_32_BIT_CONVERSION = YES;
				GCC_WARN_ABOUT_RETURN_TYPE = YES_ERROR;
				GCC_WARN_UNDECLARED_SELECTOR = YES;
				GCC_WARN_UNINITIALIZED_AUTOS = YES_AGGRESSIVE;
				GCC_WARN_UNUSED_FUNCTION = YES;
				GCC_WARN_UNUSED_VARIABLE = YES;
				IPHONEOS_DEPLOYMENT_TARGET = 15.2;
				MTL_ENABLE_DEBUG_INFO = NO;
				MTL_FAST_MATH = YES;
				SDKROOT = iphoneos;
				SWIFT_COMPILATION_MODE = wholemodule;
				SWIFT_OPTIMIZATION_LEVEL = "-O";
				VALIDATE_PRODUCT = YES;
			};
			name = Release;
		};
		F61795E327D51B4800D0B910 /* Debug */ = {
			isa = XCBuildConfiguration;
			buildSettings = {
				ASSETCATALOG_COMPILER_APPICON_NAME = AppIcon;
				ASSETCATALOG_COMPILER_GLOBAL_ACCENT_COLOR_NAME = AccentColor;
				CODE_SIGN_STYLE = Automatic;
				CURRENT_PROJECT_VERSION = 1;
				DEVELOPMENT_ASSET_PATHS = "\"NumberAppVanilla/Preview Content\"";
				DEVELOPMENT_TEAM = 682PGZNNJA;
				ENABLE_PREVIEWS = YES;
				GENERATE_INFOPLIST_FILE = YES;
				INFOPLIST_FILE = NumberAppVanilla/Info.plist;
				INFOPLIST_KEY_UIApplicationSceneManifest_Generation = YES;
				INFOPLIST_KEY_UIApplicationSupportsIndirectInputEvents = YES;
				INFOPLIST_KEY_UILaunchScreen_Generation = YES;
				INFOPLIST_KEY_UISupportedInterfaceOrientations_iPad = "UIInterfaceOrientationPortrait UIInterfaceOrientationPortraitUpsideDown UIInterfaceOrientationLandscapeLeft UIInterfaceOrientationLandscapeRight";
				INFOPLIST_KEY_UISupportedInterfaceOrientations_iPhone = "UIInterfaceOrientationPortrait UIInterfaceOrientationLandscapeLeft UIInterfaceOrientationLandscapeRight";
				LD_RUNPATH_SEARCH_PATHS = (
					"$(inherited)",
					"@executable_path/Frameworks",
				);
				MARKETING_VERSION = 1.0;
				PRODUCT_BUNDLE_IDENTIFIER = com.oliverfoggin.NumbersApp;
				PRODUCT_NAME = "$(TARGET_NAME)";
				SWIFT_EMIT_LOC_STRINGS = YES;
				SWIFT_VERSION = 5.0;
				TARGETED_DEVICE_FAMILY = "1,2";
			};
			name = Debug;
		};
		F61795E427D51B4800D0B910 /* Release */ = {
			isa = XCBuildConfiguration;
			buildSettings = {
				ASSETCATALOG_COMPILER_APPICON_NAME = AppIcon;
				ASSETCATALOG_COMPILER_GLOBAL_ACCENT_COLOR_NAME = AccentColor;
				CODE_SIGN_STYLE = Automatic;
				CURRENT_PROJECT_VERSION = 1;
				DEVELOPMENT_ASSET_PATHS = "\"NumberAppVanilla/Preview Content\"";
				DEVELOPMENT_TEAM = 682PGZNNJA;
				ENABLE_PREVIEWS = YES;
				GENERATE_INFOPLIST_FILE = YES;
				INFOPLIST_FILE = NumberAppVanilla/Info.plist;
				INFOPLIST_KEY_UIApplicationSceneManifest_Generation = YES;
				INFOPLIST_KEY_UIApplicationSupportsIndirectInputEvents = YES;
				INFOPLIST_KEY_UILaunchScreen_Generation = YES;
				INFOPLIST_KEY_UISupportedInterfaceOrientations_iPad = "UIInterfaceOrientationPortrait UIInterfaceOrientationPortraitUpsideDown UIInterfaceOrientationLandscapeLeft UIInterfaceOrientationLandscapeRight";
				INFOPLIST_KEY_UISupportedInterfaceOrientations_iPhone = "UIInterfaceOrientationPortrait UIInterfaceOrientationLandscapeLeft UIInterfaceOrientationLandscapeRight";
				LD_RUNPATH_SEARCH_PATHS = (
					"$(inherited)",
					"@executable_path/Frameworks",
				);
				MARKETING_VERSION = 1.0;
				PRODUCT_BUNDLE_IDENTIFIER = com.oliverfoggin.NumbersApp;
				PRODUCT_NAME = "$(TARGET_NAME)";
				SWIFT_EMIT_LOC_STRINGS = YES;
				SWIFT_VERSION = 5.0;
				TARGETED_DEVICE_FAMILY = "1,2";
			};
			name = Release;
		};
		F61795E627D51B4800D0B910 /* Debug */ = {
			isa = XCBuildConfiguration;
			buildSettings = {
				ALWAYS_EMBED_SWIFT_STANDARD_LIBRARIES = YES;
				BUNDLE_LOADER = "$(TEST_HOST)";
				CODE_SIGN_STYLE = Automatic;
				CURRENT_PROJECT_VERSION = 1;
				DEVELOPMENT_TEAM = 682PGZNNJA;
				GENERATE_INFOPLIST_FILE = YES;
				IPHONEOS_DEPLOYMENT_TARGET = 15.2;
				MARKETING_VERSION = 1.0;
				PRODUCT_BUNDLE_IDENTIFIER = com.oliverfoggin.NumberAppVanillaTests;
				PRODUCT_NAME = "$(TARGET_NAME)";
				SWIFT_EMIT_LOC_STRINGS = NO;
				SWIFT_VERSION = 5.0;
				TARGETED_DEVICE_FAMILY = "1,2";
				TEST_HOST = "$(BUILT_PRODUCTS_DIR)/NumberAppVanilla.app/NumberAppVanilla";
			};
			name = Debug;
		};
		F61795E727D51B4800D0B910 /* Release */ = {
			isa = XCBuildConfiguration;
			buildSettings = {
				ALWAYS_EMBED_SWIFT_STANDARD_LIBRARIES = YES;
				BUNDLE_LOADER = "$(TEST_HOST)";
				CODE_SIGN_STYLE = Automatic;
				CURRENT_PROJECT_VERSION = 1;
				DEVELOPMENT_TEAM = 682PGZNNJA;
				GENERATE_INFOPLIST_FILE = YES;
				IPHONEOS_DEPLOYMENT_TARGET = 15.2;
				MARKETING_VERSION = 1.0;
				PRODUCT_BUNDLE_IDENTIFIER = com.oliverfoggin.NumberAppVanillaTests;
				PRODUCT_NAME = "$(TARGET_NAME)";
				SWIFT_EMIT_LOC_STRINGS = NO;
				SWIFT_VERSION = 5.0;
				TARGETED_DEVICE_FAMILY = "1,2";
				TEST_HOST = "$(BUILT_PRODUCTS_DIR)/NumberAppVanilla.app/NumberAppVanilla";
			};
			name = Release;
		};
		F61795E927D51B4800D0B910 /* Debug */ = {
			isa = XCBuildConfiguration;
			buildSettings = {
				ALWAYS_EMBED_SWIFT_STANDARD_LIBRARIES = YES;
				CODE_SIGN_STYLE = Automatic;
				CURRENT_PROJECT_VERSION = 1;
				DEVELOPMENT_TEAM = 682PGZNNJA;
				GENERATE_INFOPLIST_FILE = YES;
				MARKETING_VERSION = 1.0;
				PRODUCT_BUNDLE_IDENTIFIER = com.oliverfoggin.NumberAppVanillaUITests;
				PRODUCT_NAME = "$(TARGET_NAME)";
				SWIFT_EMIT_LOC_STRINGS = NO;
				SWIFT_VERSION = 5.0;
				TARGETED_DEVICE_FAMILY = "1,2";
				TEST_TARGET_NAME = NumberAppVanilla;
			};
			name = Debug;
		};
		F61795EA27D51B4800D0B910 /* Release */ = {
			isa = XCBuildConfiguration;
			buildSettings = {
				ALWAYS_EMBED_SWIFT_STANDARD_LIBRARIES = YES;
				CODE_SIGN_STYLE = Automatic;
				CURRENT_PROJECT_VERSION = 1;
				DEVELOPMENT_TEAM = 682PGZNNJA;
				GENERATE_INFOPLIST_FILE = YES;
				MARKETING_VERSION = 1.0;
				PRODUCT_BUNDLE_IDENTIFIER = com.oliverfoggin.NumberAppVanillaUITests;
				PRODUCT_NAME = "$(TARGET_NAME)";
				SWIFT_EMIT_LOC_STRINGS = NO;
				SWIFT_VERSION = 5.0;
				TARGETED_DEVICE_FAMILY = "1,2";
				TEST_TARGET_NAME = NumberAppVanilla;
			};
			name = Release;
		};
/* End XCBuildConfiguration section */

/* Begin XCConfigurationList section */
		F61795B927D51B4500D0B910 /* Build configuration list for PBXProject "NumberAppVanilla" */ = {
			isa = XCConfigurationList;
			buildConfigurations = (
				F61795E027D51B4800D0B910 /* Debug */,
				F61795E127D51B4800D0B910 /* Release */,
			);
			defaultConfigurationIsVisible = 0;
			defaultConfigurationName = Release;
		};
		F61795E227D51B4800D0B910 /* Build configuration list for PBXNativeTarget "NumberAppVanilla" */ = {
			isa = XCConfigurationList;
			buildConfigurations = (
				F61795E327D51B4800D0B910 /* Debug */,
				F61795E427D51B4800D0B910 /* Release */,
			);
			defaultConfigurationIsVisible = 0;
			defaultConfigurationName = Release;
		};
		F61795E527D51B4800D0B910 /* Build configuration list for PBXNativeTarget "NumberAppVanillaTests" */ = {
			isa = XCConfigurationList;
			buildConfigurations = (
				F61795E627D51B4800D0B910 /* Debug */,
				F61795E727D51B4800D0B910 /* Release */,
			);
			defaultConfigurationIsVisible = 0;
			defaultConfigurationName = Release;
		};
		F61795E827D51B4800D0B910 /* Build configuration list for PBXNativeTarget "NumberAppVanillaUITests" */ = {
			isa = XCConfigurationList;
			buildConfigurations = (
				F61795E927D51B4800D0B910 /* Debug */,
				F61795EA27D51B4800D0B910 /* Release */,
			);
			defaultConfigurationIsVisible = 0;
			defaultConfigurationName = Release;
		};
/* End XCConfigurationList section */

/* Begin XCRemoteSwiftPackageReference section */
		F61795F227D5314000D0B910 /* XCRemoteSwiftPackageReference "firebase-ios-sdk" */ = {
			isa = XCRemoteSwiftPackageReference;
			repositoryURL = "https://github.com/firebase/firebase-ios-sdk.git";
			requirement = {
				kind = upToNextMajorVersion;
				minimumVersion = 8.0.0;
			};
		};
/* End XCRemoteSwiftPackageReference section */

/* Begin XCSwiftPackageProductDependency section */
		F61795F327D5314000D0B910 /* FirebaseAnalyticsWithoutAdIdSupport */ = {
			isa = XCSwiftPackageProductDependency;
			package = F61795F227D5314000D0B910 /* XCRemoteSwiftPackageReference "firebase-ios-sdk" */;
			productName = FirebaseAnalyticsWithoutAdIdSupport;
		};
/* End XCSwiftPackageProductDependency section */
	};
	rootObject = F61795B627D51B4500D0B910 /* Project object */;
}
