// !$*UTF8*$!
{
	archiveVersion = 1;
	classes = {
	};
	objectVersion = 55;
	objects = {

/* Begin PBXBuildFile section */
		F617960427D5371700D0B910 /* NumberAppTCAApp.swift in Sources */ = {isa = PBXBuildFile; fileRef = F617960327D5371700D0B910 /* NumberAppTCAApp.swift */; };
		F617960827D5371B00D0B910 /* Assets.xcassets in Resources */ = {isa = PBXBuildFile; fileRef = F617960727D5371B00D0B910 /* Assets.xcassets */; };
		F617963D27D55F4D00D0B910 /* GoogleService-Info.plist in Resources */ = {isa = PBXBuildFile; fileRef = F617963C27D55F4D00D0B910 /* GoogleService-Info.plist */; };
		F617964427D56DD500D0B910 /* Analytics in Frameworks */ = {isa = PBXBuildFile; productRef = F617964327D56DD500D0B910 /* Analytics */; };
		F617964A27D60C1700D0B910 /* NumberCore in Frameworks */ = {isa = PBXBuildFile; productRef = F617964927D60C1700D0B910 /* NumberCore */; };
		F617964C27D61C8000D0B910 /* NumberList in Frameworks */ = {isa = PBXBuildFile; productRef = F617964B27D61C8000D0B910 /* NumberList */; };
/* End PBXBuildFile section */

/* Begin PBXContainerItemProxy section */
		F617961127D5371B00D0B910 /* PBXContainerItemProxy */ = {
			isa = PBXContainerItemProxy;
			containerPortal = F61795F827D5371700D0B910 /* Project object */;
			proxyType = 1;
			remoteGlobalIDString = F61795FF27D5371700D0B910;
			remoteInfo = NumberAppTCA;
		};
/* End PBXContainerItemProxy section */

/* Begin PBXFileReference section */
		F617960027D5371700D0B910 /* NumberAppTCA.app */ = {isa = PBXFileReference; explicitFileType = wrapper.application; includeInIndex = 0; path = NumberAppTCA.app; sourceTree = BUILT_PRODUCTS_DIR; };
		F617960327D5371700D0B910 /* NumberAppTCAApp.swift */ = {isa = PBXFileReference; lastKnownFileType = sourcecode.swift; path = NumberAppTCAApp.swift; sourceTree = "<group>"; };
		F617960727D5371B00D0B910 /* Assets.xcassets */ = {isa = PBXFileReference; lastKnownFileType = folder.assetcatalog; path = Assets.xcassets; sourceTree = "<group>"; };
		F617961027D5371B00D0B910 /* NumberAppTCATests.xctest */ = {isa = PBXFileReference; explicitFileType = wrapper.cfbundle; includeInIndex = 0; path = NumberAppTCATests.xctest; sourceTree = BUILT_PRODUCTS_DIR; };
		F617963927D542B200D0B910 /* Info.plist */ = {isa = PBXFileReference; lastKnownFileType = text.plist; path = Info.plist; sourceTree = "<group>"; };
		F617963C27D55F4D00D0B910 /* GoogleService-Info.plist */ = {isa = PBXFileReference; fileEncoding = 4; lastKnownFileType = text.plist.xml; path = "GoogleService-Info.plist"; sourceTree = "<group>"; };
		F617963F27D5679A00D0B910 /* TCA */ = {isa = PBXFileReference; lastKnownFileType = wrapper; name = TCA; path = ..; sourceTree = "<group>"; };
/* End PBXFileReference section */

/* Begin PBXFrameworksBuildPhase section */
		F61795FD27D5371700D0B910 /* Frameworks */ = {
			isa = PBXFrameworksBuildPhase;
			buildActionMask = 2147483647;
			files = (
				F617964A27D60C1700D0B910 /* NumberCore in Frameworks */,
				F617964427D56DD500D0B910 /* Analytics in Frameworks */,
				F617964C27D61C8000D0B910 /* NumberList in Frameworks */,
			);
			runOnlyForDeploymentPostprocessing = 0;
		};
		F617960D27D5371B00D0B910 /* Frameworks */ = {
			isa = PBXFrameworksBuildPhase;
			buildActionMask = 2147483647;
			files = (
			);
			runOnlyForDeploymentPostprocessing = 0;
		};
/* End PBXFrameworksBuildPhase section */

/* Begin PBXGroup section */
		F61795F727D5371700D0B910 = {
			isa = PBXGroup;
			children = (
				F617963F27D5679A00D0B910 /* TCA */,
				F617960227D5371700D0B910 /* NumberAppTCA */,
				F617960127D5371700D0B910 /* Products */,
				F617964027D56DCC00D0B910 /* Frameworks */,
			);
			sourceTree = "<group>";
		};
		F617960127D5371700D0B910 /* Products */ = {
			isa = PBXGroup;
			children = (
				F617960027D5371700D0B910 /* NumberAppTCA.app */,
				F617961027D5371B00D0B910 /* NumberAppTCATests.xctest */,
			);
			name = Products;
			sourceTree = "<group>";
		};
		F617960227D5371700D0B910 /* NumberAppTCA */ = {
			isa = PBXGroup;
			children = (
				F617963C27D55F4D00D0B910 /* GoogleService-Info.plist */,
				F617963927D542B200D0B910 /* Info.plist */,
				F617960327D5371700D0B910 /* NumberAppTCAApp.swift */,
				F617960727D5371B00D0B910 /* Assets.xcassets */,
			);
			path = NumberAppTCA;
			sourceTree = "<group>";
		};
		F617964027D56DCC00D0B910 /* Frameworks */ = {
			isa = PBXGroup;
			children = (
			);
			name = Frameworks;
			sourceTree = "<group>";
		};
/* End PBXGroup section */

/* Begin PBXNativeTarget section */
		F61795FF27D5371700D0B910 /* NumberAppTCA */ = {
			isa = PBXNativeTarget;
			buildConfigurationList = F617962427D5371B00D0B910 /* Build configuration list for PBXNativeTarget "NumberAppTCA" */;
			buildPhases = (
				F61795FC27D5371700D0B910 /* Sources */,
				F61795FD27D5371700D0B910 /* Frameworks */,
				F61795FE27D5371700D0B910 /* Resources */,
			);
			buildRules = (
			);
			dependencies = (
			);
			name = NumberAppTCA;
			packageProductDependencies = (
				F617964327D56DD500D0B910 /* Analytics */,
				F617964927D60C1700D0B910 /* NumberCore */,
				F617964B27D61C8000D0B910 /* NumberList */,
			);
			productName = NumberAppTCA;
			productReference = F617960027D5371700D0B910 /* NumberAppTCA.app */;
			productType = "com.apple.product-type.application";
		};
		F617960F27D5371B00D0B910 /* NumberAppTCATests */ = {
			isa = PBXNativeTarget;
			buildConfigurationList = F617962727D5371B00D0B910 /* Build configuration list for PBXNativeTarget "NumberAppTCATests" */;
			buildPhases = (
				F617960C27D5371B00D0B910 /* Sources */,
				F617960D27D5371B00D0B910 /* Frameworks */,
				F617960E27D5371B00D0B910 /* Resources */,
			);
			buildRules = (
			);
			dependencies = (
				F617961227D5371B00D0B910 /* PBXTargetDependency */,
			);
			name = NumberAppTCATests;
			productName = NumberAppTCATests;
			productReference = F617961027D5371B00D0B910 /* NumberAppTCATests.xctest */;
			productType = "com.apple.product-type.bundle.unit-test";
		};
/* End PBXNativeTarget section */

/* Begin PBXProject section */
		F61795F827D5371700D0B910 /* Project object */ = {
			isa = PBXProject;
			attributes = {
				BuildIndependentTargetsInParallel = 1;
				LastSwiftUpdateCheck = 1320;
				LastUpgradeCheck = 1320;
				TargetAttributes = {
					F61795FF27D5371700D0B910 = {
						CreatedOnToolsVersion = 13.2.1;
					};
					F617960F27D5371B00D0B910 = {
						CreatedOnToolsVersion = 13.2.1;
						TestTargetID = F61795FF27D5371700D0B910;
					};
				};
			};
			buildConfigurationList = F61795FB27D5371700D0B910 /* Build configuration list for PBXProject "NumberAppTCA" */;
			compatibilityVersion = "Xcode 13.0";
			developmentRegion = en;
			hasScannedForEncodings = 0;
			knownRegions = (
				en,
				Base,
			);
			mainGroup = F61795F727D5371700D0B910;
			packageReferences = (
			);
			productRefGroup = F617960127D5371700D0B910 /* Products */;
			projectDirPath = "";
			projectRoot = "";
			targets = (
				F61795FF27D5371700D0B910 /* NumberAppTCA */,
				F617960F27D5371B00D0B910 /* NumberAppTCATests */,
			);
		};
/* End PBXProject section */

/* Begin PBXResourcesBuildPhase section */
		F61795FE27D5371700D0B910 /* Resources */ = {
			isa = PBXResourcesBuildPhase;
			buildActionMask = 2147483647;
			files = (
				F617960827D5371B00D0B910 /* Assets.xcassets in Resources */,
				F617963D27D55F4D00D0B910 /* GoogleService-Info.plist in Resources */,
			);
			runOnlyForDeploymentPostprocessing = 0;
		};
		F617960E27D5371B00D0B910 /* Resources */ = {
			isa = PBXResourcesBuildPhase;
			buildActionMask = 2147483647;
			files = (
			);
			runOnlyForDeploymentPostprocessing = 0;
		};
/* End PBXResourcesBuildPhase section */

/* Begin PBXSourcesBuildPhase section */
		F61795FC27D5371700D0B910 /* Sources */ = {
			isa = PBXSourcesBuildPhase;
			buildActionMask = 2147483647;
			files = (
				F617960427D5371700D0B910 /* NumberAppTCAApp.swift in Sources */,
			);
			runOnlyForDeploymentPostprocessing = 0;
		};
		F617960C27D5371B00D0B910 /* Sources */ = {
			isa = PBXSourcesBuildPhase;
			buildActionMask = 2147483647;
			files = (
			);
			runOnlyForDeploymentPostprocessing = 0;
		};
/* End PBXSourcesBuildPhase section */

/* Begin PBXTargetDependency section */
		F617961227D5371B00D0B910 /* PBXTargetDependency */ = {
			isa = PBXTargetDependency;
			target = F61795FF27D5371700D0B910 /* NumberAppTCA */;
			targetProxy = F617961127D5371B00D0B910 /* PBXContainerItemProxy */;
		};
/* End PBXTargetDependency section */

/* Begin XCBuildConfiguration section */
		F617962227D5371B00D0B910 /* Debug */ = {
			isa = XCBuildConfiguration;
			buildSettings = {
				ALWAYS_SEARCH_USER_PATHS = NO;
				CLANG_ANALYZER_NONNULL = YES;
				CLANG_ANALYZER_NUMBER_OBJECT_CONVERSION = YES_AGGRESSIVE;
				CLANG_CXX_LANGUAGE_STANDARD = "gnu++17";
				CLANG_CXX_LIBRARY = "libc++";
				CLANG_ENABLE_MODULES = YES;
				CLANG_ENABLE_OBJC_ARC = YES;
				CLANG_ENABLE_OBJC_WEAK = YES;
				CLANG_WARN_BLOCK_CAPTURE_AUTORELEASING = YES;
				CLANG_WARN_BOOL_CONVERSION = YES;
				CLANG_WARN_COMMA = YES;
				CLANG_WARN_CONSTANT_CONVERSION = YES;
				CLANG_WARN_DEPRECATED_OBJC_IMPLEMENTATIONS = YES;
				CLANG_WARN_DIRECT_OBJC_ISA_USAGE = YES_ERROR;
				CLANG_WARN_DOCUMENTATION_COMMENTS = YES;
				CLANG_WARN_EMPTY_BODY = YES;
				CLANG_WARN_ENUM_CONVERSION = YES;
				CLANG_WARN_INFINITE_RECURSION = YES;
				CLANG_WARN_INT_CONVERSION = YES;
				CLANG_WARN_NON_LITERAL_NULL_CONVERSION = YES;
				CLANG_WARN_OBJC_IMPLICIT_RETAIN_SELF = YES;
				CLANG_WARN_OBJC_LITERAL_CONVERSION = YES;
				CLANG_WARN_OBJC_ROOT_CLASS = YES_ERROR;
				CLANG_WARN_QUOTED_INCLUDE_IN_FRAMEWORK_HEADER = YES;
				CLANG_WARN_RANGE_LOOP_ANALYSIS = YES;
				CLANG_WARN_STRICT_PROTOTYPES = YES;
				CLANG_WARN_SUSPICIOUS_MOVE = YES;
				CLANG_WARN_UNGUARDED_AVAILABILITY = YES_AGGRESSIVE;
				CLANG_WARN_UNREACHABLE_CODE = YES;
				CLANG_WARN__DUPLICATE_METHOD_MATCH = YES;
				COPY_PHASE_STRIP = NO;
				DEBUG_INFORMATION_FORMAT = dwarf;
				ENABLE_STRICT_OBJC_MSGSEND = YES;
				ENABLE_TESTABILITY = YES;
				GCC_C_LANGUAGE_STANDARD = gnu11;
				GCC_DYNAMIC_NO_PIC = NO;
				GCC_NO_COMMON_BLOCKS = YES;
				GCC_OPTIMIZATION_LEVEL = 0;
				GCC_PREPROCESSOR_DEFINITIONS = (
					"DEBUG=1",
					"$(inherited)",
				);
				GCC_WARN_64_TO_32_BIT_CONVERSION = YES;
				GCC_WARN_ABOUT_RETURN_TYPE = YES_ERROR;
				GCC_WARN_UNDECLARED_SELECTOR = YES;
				GCC_WARN_UNINITIALIZED_AUTOS = YES_AGGRESSIVE;
				GCC_WARN_UNUSED_FUNCTION = YES;
				GCC_WARN_UNUSED_VARIABLE = YES;
				IPHONEOS_DEPLOYMENT_TARGET = 15.2;
				MTL_ENABLE_DEBUG_INFO = INCLUDE_SOURCE;
				MTL_FAST_MATH = YES;
				ONLY_ACTIVE_ARCH = YES;
				SDKROOT = iphoneos;
				SWIFT_ACTIVE_COMPILATION_CONDITIONS = DEBUG;
				SWIFT_OPTIMIZATION_LEVEL = "-Onone";
			};
			name = Debug;
		};
		F617962327D5371B00D0B910 /* Release */ = {
			isa = XCBuildConfiguration;
			buildSettings = {
				ALWAYS_SEARCH_USER_PATHS = NO;
				CLANG_ANALYZER_NONNULL = YES;
				CLANG_ANALYZER_NUMBER_OBJECT_CONVERSION = YES_AGGRESSIVE;
				CLANG_CXX_LANGUAGE_STANDARD = "gnu++17";
				CLANG_CXX_LIBRARY = "libc++";
				CLANG_ENABLE_MODULES = YES;
				CLANG_ENABLE_OBJC_ARC = YES;
				CLANG_ENABLE_OBJC_WEAK = YES;
				CLANG_WARN_BLOCK_CAPTURE_AUTORELEASING = YES;
				CLANG_WARN_BOOL_CONVERSION = YES;
				CLANG_WARN_COMMA = YES;
				CLANG_WARN_CONSTANT_CONVERSION = YES;
				CLANG_WARN_DEPRECATED_OBJC_IMPLEMENTATIONS = YES;
				CLANG_WARN_DIRECT_OBJC_ISA_USAGE = YES_ERROR;
				CLANG_WARN_DOCUMENTATION_COMMENTS = YES;
				CLANG_WARN_EMPTY_BODY = YES;
				CLANG_WARN_ENUM_CONVERSION = YES;
				CLANG_WARN_INFINITE_RECURSION = YES;
				CLANG_WARN_INT_CONVERSION = YES;
				CLANG_WARN_NON_LITERAL_NULL_CONVERSION = YES;
				CLANG_WARN_OBJC_IMPLICIT_RETAIN_SELF = YES;
				CLANG_WARN_OBJC_LITERAL_CONVERSION = YES;
				CLANG_WARN_OBJC_ROOT_CLASS = YES_ERROR;
				CLANG_WARN_QUOTED_INCLUDE_IN_FRAMEWORK_HEADER = YES;
				CLANG_WARN_RANGE_LOOP_ANALYSIS = YES;
				CLANG_WARN_STRICT_PROTOTYPES = YES;
				CLANG_WARN_SUSPICIOUS_MOVE = YES;
				CLANG_WARN_UNGUARDED_AVAILABILITY = YES_AGGRESSIVE;
				CLANG_WARN_UNREACHABLE_CODE = YES;
				CLANG_WARN__DUPLICATE_METHOD_MATCH = YES;
				COPY_PHASE_STRIP = NO;
				DEBUG_INFORMATION_FORMAT = "dwarf-with-dsym";
				ENABLE_NS_ASSERTIONS = NO;
				ENABLE_STRICT_OBJC_MSGSEND = YES;
				GCC_C_LANGUAGE_STANDARD = gnu11;
				GCC_NO_COMMON_BLOCKS = YES;
				GCC_WARN_64_TO_32_BIT_CONVERSION = YES;
				GCC_WARN_ABOUT_RETURN_TYPE = YES_ERROR;
				GCC_WARN_UNDECLARED_SELECTOR = YES;
				GCC_WARN_UNINITIALIZED_AUTOS = YES_AGGRESSIVE;
				GCC_WARN_UNUSED_FUNCTION = YES;
				GCC_WARN_UNUSED_VARIABLE = YES;
				IPHONEOS_DEPLOYMENT_TARGET = 15.2;
				MTL_ENABLE_DEBUG_INFO = NO;
				MTL_FAST_MATH = YES;
				SDKROOT = iphoneos;
				SWIFT_COMPILATION_MODE = wholemodule;
				SWIFT_OPTIMIZATION_LEVEL = "-O";
				VALIDATE_PRODUCT = YES;
			};
			name = Release;
		};
		F617962527D5371B00D0B910 /* Debug */ = {
			isa = XCBuildConfiguration;
			buildSettings = {
				ASSETCATALOG_COMPILER_APPICON_NAME = AppIcon;
				ASSETCATALOG_COMPILER_GLOBAL_ACCENT_COLOR_NAME = AccentColor;
				CODE_SIGN_STYLE = Automatic;
				CURRENT_PROJECT_VERSION = 1;
				DEVELOPMENT_TEAM = 682PGZNNJA;
				ENABLE_PREVIEWS = YES;
				GENERATE_INFOPLIST_FILE = YES;
				INFOPLIST_FILE = NumberAppTCA/Info.plist;
				INFOPLIST_KEY_UIApplicationSceneManifest_Generation = YES;
				INFOPLIST_KEY_UIApplicationSupportsIndirectInputEvents = YES;
				INFOPLIST_KEY_UILaunchScreen_Generation = YES;
				INFOPLIST_KEY_UISupportedInterfaceOrientations_iPad = "UIInterfaceOrientationPortrait UIInterfaceOrientationPortraitUpsideDown UIInterfaceOrientationLandscapeLeft UIInterfaceOrientationLandscapeRight";
				INFOPLIST_KEY_UISupportedInterfaceOrientations_iPhone = "UIInterfaceOrientationPortrait UIInterfaceOrientationLandscapeLeft UIInterfaceOrientationLandscapeRight";
				LD_RUNPATH_SEARCH_PATHS = (
					"$(inherited)",
					"@executable_path/Frameworks",
				);
				MARKETING_VERSION = 1.0;
				PRODUCT_BUNDLE_IDENTIFIER = com.oliverfoggin.NumbersApp;
				PRODUCT_NAME = "$(TARGET_NAME)";
				SWIFT_EMIT_LOC_STRINGS = YES;
				SWIFT_VERSION = 5.0;
				TARGETED_DEVICE_FAMILY = "1,2";
			};
			name = Debug;
		};
		F617962627D5371B00D0B910 /* Release */ = {
			isa = XCBuildConfiguration;
			buildSettings = {
				ASSETCATALOG_COMPILER_APPICON_NAME = AppIcon;
				ASSETCATALOG_COMPILER_GLOBAL_ACCENT_COLOR_NAME = AccentColor;
				CODE_SIGN_STYLE = Automatic;
				CURRENT_PROJECT_VERSION = 1;
				DEVELOPMENT_TEAM = 682PGZNNJA;
				ENABLE_PREVIEWS = YES;
				GENERATE_INFOPLIST_FILE = YES;
				INFOPLIST_FILE = NumberAppTCA/Info.plist;
				INFOPLIST_KEY_UIApplicationSceneManifest_Generation = YES;
				INFOPLIST_KEY_UIApplicationSupportsIndirectInputEvents = YES;
				INFOPLIST_KEY_UILaunchScreen_Generation = YES;
				INFOPLIST_KEY_UISupportedInterfaceOrientations_iPad = "UIInterfaceOrientationPortrait UIInterfaceOrientationPortraitUpsideDown UIInterfaceOrientationLandscapeLeft UIInterfaceOrientationLandscapeRight";
				INFOPLIST_KEY_UISupportedInterfaceOrientations_iPhone = "UIInterfaceOrientationPortrait UIInterfaceOrientationLandscapeLeft UIInterfaceOrientationLandscapeRight";
				LD_RUNPATH_SEARCH_PATHS = (
					"$(inherited)",
					"@executable_path/Frameworks",
				);
				MARKETING_VERSION = 1.0;
				PRODUCT_BUNDLE_IDENTIFIER = com.oliverfoggin.NumbersApp;
				PRODUCT_NAME = "$(TARGET_NAME)";
				SWIFT_EMIT_LOC_STRINGS = YES;
				SWIFT_VERSION = 5.0;
				TARGETED_DEVICE_FAMILY = "1,2";
			};
			name = Release;
		};
		F617962827D5371B00D0B910 /* Debug */ = {
			isa = XCBuildConfiguration;
			buildSettings = {
				ALWAYS_EMBED_SWIFT_STANDARD_LIBRARIES = YES;
				BUNDLE_LOADER = "$(TEST_HOST)";
				CODE_SIGN_STYLE = Automatic;
				CURRENT_PROJECT_VERSION = 1;
				DEVELOPMENT_TEAM = 682PGZNNJA;
				GENERATE_INFOPLIST_FILE = YES;
				IPHONEOS_DEPLOYMENT_TARGET = 15.2;
				MARKETING_VERSION = 1.0;
				PRODUCT_BUNDLE_IDENTIFIER = com.oliverfoggin.NumberAppTCATests;
				PRODUCT_NAME = "$(TARGET_NAME)";
				SWIFT_EMIT_LOC_STRINGS = NO;
				SWIFT_VERSION = 5.0;
				TARGETED_DEVICE_FAMILY = "1,2";
				TEST_HOST = "$(BUILT_PRODUCTS_DIR)/NumberAppTCA.app/NumberAppTCA";
			};
			name = Debug;
		};
		F617962927D5371B00D0B910 /* Release */ = {
			isa = XCBuildConfiguration;
			buildSettings = {
				ALWAYS_EMBED_SWIFT_STANDARD_LIBRARIES = YES;
				BUNDLE_LOADER = "$(TEST_HOST)";
				CODE_SIGN_STYLE = Automatic;
				CURRENT_PROJECT_VERSION = 1;
				DEVELOPMENT_TEAM = 682PGZNNJA;
				GENERATE_INFOPLIST_FILE = YES;
				IPHONEOS_DEPLOYMENT_TARGET = 15.2;
				MARKETING_VERSION = 1.0;
				PRODUCT_BUNDLE_IDENTIFIER = com.oliverfoggin.NumberAppTCATests;
				PRODUCT_NAME = "$(TARGET_NAME)";
				SWIFT_EMIT_LOC_STRINGS = NO;
				SWIFT_VERSION = 5.0;
				TARGETED_DEVICE_FAMILY = "1,2";
				TEST_HOST = "$(BUILT_PRODUCTS_DIR)/NumberAppTCA.app/NumberAppTCA";
			};
			name = Release;
		};
/* End XCBuildConfiguration section */

/* Begin XCConfigurationList section */
		F61795FB27D5371700D0B910 /* Build configuration list for PBXProject "NumberAppTCA" */ = {
			isa = XCConfigurationList;
			buildConfigurations = (
				F617962227D5371B00D0B910 /* Debug */,
				F617962327D5371B00D0B910 /* Release */,
			);
			defaultConfigurationIsVisible = 0;
			defaultConfigurationName = Release;
		};
		F617962427D5371B00D0B910 /* Build configuration list for PBXNativeTarget "NumberAppTCA" */ = {
			isa = XCConfigurationList;
			buildConfigurations = (
				F617962527D5371B00D0B910 /* Debug */,
				F617962627D5371B00D0B910 /* Release */,
			);
			defaultConfigurationIsVisible = 0;
			defaultConfigurationName = Release;
		};
		F617962727D5371B00D0B910 /* Build configuration list for PBXNativeTarget "NumberAppTCATests" */ = {
			isa = XCConfigurationList;
			buildConfigurations = (
				F617962827D5371B00D0B910 /* Debug */,
				F617962927D5371B00D0B910 /* Release */,
			);
			defaultConfigurationIsVisible = 0;
			defaultConfigurationName = Release;
		};
/* End XCConfigurationList section */

/* Begin XCSwiftPackageProductDependency section */
		F617964327D56DD500D0B910 /* Analytics */ = {
			isa = XCSwiftPackageProductDependency;
			productName = Analytics;
		};
		F617964927D60C1700D0B910 /* NumberCore */ = {
			isa = XCSwiftPackageProductDependency;
			productName = NumberCore;
		};
		F617964B27D61C8000D0B910 /* NumberList */ = {
			isa = XCSwiftPackageProductDependency;
			productName = NumberList;
		};
/* End XCSwiftPackageProductDependency section */
	};
	rootObject = F61795F827D5371700D0B910 /* Project object */;
}
